lockfileVersion: 5.4

specifiers:
  '@next/font': 13.1.1
  '@types/node': 18.11.18
  '@types/react': 18.0.26
  '@types/react-dom': 18.0.10
  next: 13.1.1
  notion-client: ^6.15.6
  react: 18.2.0
  react-dom: 18.2.0
  typescript: 4.9.4

dependencies:
  '@next/font': registry.npmmirror.com/@next/font/13.1.1
  '@types/node': registry.npmmirror.com/@types/node/18.11.18
  '@types/react': registry.npmmirror.com/@types/react/18.0.26
  '@types/react-dom': registry.npmmirror.com/@types/react-dom/18.0.10
  next: registry.npmmirror.com/next/13.1.1_biqbaboplfbrettd7655fr4n2y
  notion-client: registry.npmmirror.com/notion-client/6.15.6
  react: registry.npmmirror.com/react/18.2.0
  react-dom: registry.npmmirror.com/react-dom/18.2.0_react@18.2.0
  typescript: registry.npmmirror.com/typescript/4.9.4

packages:

  registry.npmmirror.com/@next/env/13.1.1:
    resolution: {integrity: sha512-vFMyXtPjSAiOXOywMojxfKIqE3VWN5RCAx+tT3AS3pcKjMLFTCJFUWsKv8hC+87Z1F4W3r68qTwDFZIFmd5Xkw==, registry: https://registry.npm.taobao.org/, tarball: https://registry.npmmirror.com/@next/env/-/env-13.1.1.tgz}
    name: '@next/env'
    version: 13.1.1
    dev: false

  registry.npmmirror.com/@next/font/13.1.1:
    resolution: {integrity: sha512-amygRorS05hYK1/XQRZo5qBl7l2fpHnezeKU/cNveWU5QJg+sg8gMGkUXHtvesNKpiKIJshBRH1TzvO+2sKpvQ==, registry: https://registry.npm.taobao.org/, tarball: https://registry.npmmirror.com/@next/font/-/font-13.1.1.tgz}
    name: '@next/font'
    version: 13.1.1
    dev: false

  registry.npmmirror.com/@next/swc-android-arm-eabi/13.1.1:
    resolution: {integrity: sha512-qnFCx1kT3JTWhWve4VkeWuZiyjG0b5T6J2iWuin74lORCupdrNukxkq9Pm+Z7PsatxuwVJMhjUoYz7H4cWzx2A==, registry: https://registry.npm.taobao.org/, tarball: https://registry.npmmirror.com/@next/swc-android-arm-eabi/-/swc-android-arm-eabi-13.1.1.tgz}
    name: '@next/swc-android-arm-eabi'
    version: 13.1.1
    engines: {node: '>= 10'}
    cpu: [arm]
    os: [android]
    requiresBuild: true
    dev: false
    optional: true

  registry.npmmirror.com/@next/swc-android-arm64/13.1.1:
    resolution: {integrity: sha512-eCiZhTzjySubNqUnNkQCjU3Fh+ep3C6b5DCM5FKzsTH/3Gr/4Y7EiaPZKILbvnXmhWtKPIdcY6Zjx51t4VeTfA==, registry: https://registry.npm.taobao.org/, tarball: https://registry.npmmirror.com/@next/swc-android-arm64/-/swc-android-arm64-13.1.1.tgz}
    name: '@next/swc-android-arm64'
    version: 13.1.1
    engines: {node: '>= 10'}
    cpu: [arm64]
    os: [android]
    requiresBuild: true
    dev: false
    optional: true

  registry.npmmirror.com/@next/swc-darwin-arm64/13.1.1:
    resolution: {integrity: sha512-9zRJSSIwER5tu9ADDkPw5rIZ+Np44HTXpYMr0rkM656IvssowPxmhK0rTreC1gpUCYwFsRbxarUJnJsTWiutPg==, registry: https://registry.npm.taobao.org/, tarball: https://registry.npmmirror.com/@next/swc-darwin-arm64/-/swc-darwin-arm64-13.1.1.tgz}
    name: '@next/swc-darwin-arm64'
    version: 13.1.1
    engines: {node: '>= 10'}
    cpu: [arm64]
    os: [darwin]
    requiresBuild: true
    dev: false
    optional: true

  registry.npmmirror.com/@next/swc-darwin-x64/13.1.1:
    resolution: {integrity: sha512-qWr9qEn5nrnlhB0rtjSdR00RRZEtxg4EGvicIipqZWEyayPxhUu6NwKiG8wZiYZCLfJ5KWr66PGSNeDMGlNaiA==, registry: https://registry.npm.taobao.org/, tarball: https://registry.npmmirror.com/@next/swc-darwin-x64/-/swc-darwin-x64-13.1.1.tgz}
    name: '@next/swc-darwin-x64'
    version: 13.1.1
    engines: {node: '>= 10'}
    cpu: [x64]
    os: [darwin]
    requiresBuild: true
    dev: false
    optional: true

  registry.npmmirror.com/@next/swc-freebsd-x64/13.1.1:
    resolution: {integrity: sha512-UwP4w/NcQ7V/VJEj3tGVszgb4pyUCt3lzJfUhjDMUmQbzG9LDvgiZgAGMYH6L21MoyAATJQPDGiAMWAPKsmumA==, registry: https://registry.npm.taobao.org/, tarball: https://registry.npmmirror.com/@next/swc-freebsd-x64/-/swc-freebsd-x64-13.1.1.tgz}
    name: '@next/swc-freebsd-x64'
    version: 13.1.1
    engines: {node: '>= 10'}
    cpu: [x64]
    os: [freebsd]
    requiresBuild: true
    dev: false
    optional: true

  registry.npmmirror.com/@next/swc-linux-arm-gnueabihf/13.1.1:
    resolution: {integrity: sha512-CnsxmKHco9sosBs1XcvCXP845Db+Wx1G0qouV5+Gr+HT/ZlDYEWKoHVDgnJXLVEQzq4FmHddBNGbXvgqM1Gfkg==, registry: https://registry.npm.taobao.org/, tarball: https://registry.npmmirror.com/@next/swc-linux-arm-gnueabihf/-/swc-linux-arm-gnueabihf-13.1.1.tgz}
    name: '@next/swc-linux-arm-gnueabihf'
    version: 13.1.1
    engines: {node: '>= 10'}
    cpu: [arm]
    os: [linux]
    requiresBuild: true
    dev: false
    optional: true

  registry.npmmirror.com/@next/swc-linux-arm64-gnu/13.1.1:
    resolution: {integrity: sha512-JfDq1eri5Dif+VDpTkONRd083780nsMCOKoFG87wA0sa4xL8LGcXIBAkUGIC1uVy9SMsr2scA9CySLD/i+Oqiw==, registry: https://registry.npm.taobao.org/, tarball: https://registry.npmmirror.com/@next/swc-linux-arm64-gnu/-/swc-linux-arm64-gnu-13.1.1.tgz}
    name: '@next/swc-linux-arm64-gnu'
    version: 13.1.1
    engines: {node: '>= 10'}
    cpu: [arm64]
    os: [linux]
    libc: [glibc]
    requiresBuild: true
    dev: false
    optional: true

  registry.npmmirror.com/@next/swc-linux-arm64-musl/13.1.1:
    resolution: {integrity: sha512-GA67ZbDq2AW0CY07zzGt07M5b5Yaq5qUpFIoW3UFfjOPgb0Sqf3DAW7GtFMK1sF4ROHsRDMGQ9rnT0VM2dVfKA==, registry: https://registry.npm.taobao.org/, tarball: https://registry.npmmirror.com/@next/swc-linux-arm64-musl/-/swc-linux-arm64-musl-13.1.1.tgz}
    name: '@next/swc-linux-arm64-musl'
    version: 13.1.1
    engines: {node: '>= 10'}
    cpu: [arm64]
    os: [linux]
    libc: [musl]
    requiresBuild: true
    dev: false
    optional: true

  registry.npmmirror.com/@next/swc-linux-x64-gnu/13.1.1:
    resolution: {integrity: sha512-nnjuBrbzvqaOJaV+XgT8/+lmXrSCOt1YYZn/irbDb2fR2QprL6Q7WJNgwsZNxiLSfLdv+2RJGGegBx9sLBEzGA==, registry: https://registry.npm.taobao.org/, tarball: https://registry.npmmirror.com/@next/swc-linux-x64-gnu/-/swc-linux-x64-gnu-13.1.1.tgz}
    name: '@next/swc-linux-x64-gnu'
    version: 13.1.1
    engines: {node: '>= 10'}
    cpu: [x64]
    os: [linux]
    libc: [glibc]
    requiresBuild: true
    dev: false
    optional: true

  registry.npmmirror.com/@next/swc-linux-x64-musl/13.1.1:
    resolution: {integrity: sha512-CM9xnAQNIZ8zf/igbIT/i3xWbQZYaF397H+JroF5VMOCUleElaMdQLL5riJml8wUfPoN3dtfn2s4peSr3azz/g==, registry: https://registry.npm.taobao.org/, tarball: https://registry.npmmirror.com/@next/swc-linux-x64-musl/-/swc-linux-x64-musl-13.1.1.tgz}
    name: '@next/swc-linux-x64-musl'
    version: 13.1.1
    engines: {node: '>= 10'}
    cpu: [x64]
    os: [linux]
    libc: [musl]
    requiresBuild: true
    dev: false
    optional: true

  registry.npmmirror.com/@next/swc-win32-arm64-msvc/13.1.1:
    resolution: {integrity: sha512-pzUHOGrbgfGgPlOMx9xk3QdPJoRPU+om84hqVoe6u+E0RdwOG0Ho/2UxCgDqmvpUrMab1Deltlt6RqcXFpnigQ==, registry: https://registry.npm.taobao.org/, tarball: https://registry.npmmirror.com/@next/swc-win32-arm64-msvc/-/swc-win32-arm64-msvc-13.1.1.tgz}
    name: '@next/swc-win32-arm64-msvc'
    version: 13.1.1
    engines: {node: '>= 10'}
    cpu: [arm64]
    os: [win32]
    requiresBuild: true
    dev: false
    optional: true

  registry.npmmirror.com/@next/swc-win32-ia32-msvc/13.1.1:
    resolution: {integrity: sha512-WeX8kVS46aobM9a7Xr/kEPcrTyiwJqQv/tbw6nhJ4fH9xNZ+cEcyPoQkwPo570dCOLz3Zo9S2q0E6lJ/EAUOBg==, registry: https://registry.npm.taobao.org/, tarball: https://registry.npmmirror.com/@next/swc-win32-ia32-msvc/-/swc-win32-ia32-msvc-13.1.1.tgz}
    name: '@next/swc-win32-ia32-msvc'
    version: 13.1.1
    engines: {node: '>= 10'}
    cpu: [ia32]
    os: [win32]
    requiresBuild: true
    dev: false
    optional: true

  registry.npmmirror.com/@next/swc-win32-x64-msvc/13.1.1:
    resolution: {integrity: sha512-mVF0/3/5QAc5EGVnb8ll31nNvf3BWpPY4pBb84tk+BfQglWLqc5AC9q1Ht/YMWiEgs8ALNKEQ3GQnbY0bJF2Gg==, registry: https://registry.npm.taobao.org/, tarball: https://registry.npmmirror.com/@next/swc-win32-x64-msvc/-/swc-win32-x64-msvc-13.1.1.tgz}
    name: '@next/swc-win32-x64-msvc'
    version: 13.1.1
    engines: {node: '>= 10'}
    cpu: [x64]
    os: [win32]
    requiresBuild: true
    dev: false
    optional: true

  registry.npmmirror.com/@sindresorhus/is/4.6.0:
    resolution: {integrity: sha512-t09vSN3MdfsyCHoFcTRCH/iUtG7OJ0CsjzB8cjAmKc/va/kIgeDI/TxsigdncE/4be734m0cvIYwNaV4i2XqAw==, registry: https://registry.npm.taobao.org/, tarball: https://registry.npmmirror.com/@sindresorhus/is/-/is-4.6.0.tgz}
    name: '@sindresorhus/is'
    version: 4.6.0
    engines: {node: '>=10'}
    dev: false

  registry.npmmirror.com/@swc/helpers/0.4.14:
    resolution: {integrity: sha512-4C7nX/dvpzB7za4Ql9K81xK3HPxCpHMgwTZVyf+9JQ6VUbn9jjZVN7/Nkdz/Ugzs2CSjqnL/UPXroiVBVHUWUw==, registry: https://registry.npm.taobao.org/, tarball: https://registry.npmmirror.com/@swc/helpers/-/helpers-0.4.14.tgz}
    name: '@swc/helpers'
    version: 0.4.14
    dependencies:
      tslib: registry.npmmirror.com/tslib/2.4.1
    dev: false

  registry.npmmirror.com/@szmarczak/http-timer/4.0.6:
    resolution: {integrity: sha512-4BAffykYOgO+5nzBWYwE3W90sBgLJoUPRWWcL8wlyiM8IB8ipJz3UMJ9KXQd1RKQXpKp8Tutn80HZtWsu2u76w==, registry: https://registry.npm.taobao.org/, tarball: https://registry.npmmirror.com/@szmarczak/http-timer/-/http-timer-4.0.6.tgz}
    name: '@szmarczak/http-timer'
    version: 4.0.6
    engines: {node: '>=10'}
    dependencies:
      defer-to-connect: registry.npmmirror.com/defer-to-connect/2.0.1
    dev: false

  registry.npmmirror.com/@types/cacheable-request/6.0.3:
    resolution: {integrity: sha512-IQ3EbTzGxIigb1I3qPZc1rWJnH0BmSKv5QYTalEwweFvyBDLSAe24zP0le/hyi7ecGfZVlIVAg4BZqb8WBwKqw==, registry: https://registry.npm.taobao.org/, tarball: https://registry.npmmirror.com/@types/cacheable-request/-/cacheable-request-6.0.3.tgz}
    name: '@types/cacheable-request'
    version: 6.0.3
    dependencies:
      '@types/http-cache-semantics': registry.npmmirror.com/@types/http-cache-semantics/4.0.1
      '@types/keyv': registry.npmmirror.com/@types/keyv/3.1.4
      '@types/node': registry.npmmirror.com/@types/node/18.11.18
      '@types/responselike': registry.npmmirror.com/@types/responselike/1.0.0
    dev: false

  registry.npmmirror.com/@types/http-cache-semantics/4.0.1:
    resolution: {integrity: sha512-SZs7ekbP8CN0txVG2xVRH6EgKmEm31BOxA07vkFaETzZz1xh+cbt8BcI0slpymvwhx5dlFnQG2rTlPVQn+iRPQ==, registry: https://registry.npm.taobao.org/, tarball: https://registry.npmmirror.com/@types/http-cache-semantics/-/http-cache-semantics-4.0.1.tgz}
    name: '@types/http-cache-semantics'
    version: 4.0.1
    dev: false

  registry.npmmirror.com/@types/keyv/3.1.4:
    resolution: {integrity: sha512-BQ5aZNSCpj7D6K2ksrRCTmKRLEpnPvWDiLPfoGyhZ++8YtiK9d/3DBKPJgry359X/P1PfruyYwvnvwFjuEiEIg==, registry: https://registry.npm.taobao.org/, tarball: https://registry.npmmirror.com/@types/keyv/-/keyv-3.1.4.tgz}
    name: '@types/keyv'
    version: 3.1.4
    dependencies:
      '@types/node': registry.npmmirror.com/@types/node/18.11.18
    dev: false

  registry.npmmirror.com/@types/node/18.11.18:
    resolution: {integrity: sha512-DHQpWGjyQKSHj3ebjFI/wRKcqQcdR+MoFBygntYOZytCqNfkd2ZC4ARDJ2DQqhjH5p85Nnd3jhUJIXrszFX/JA==, registry: https://registry.npm.taobao.org/, tarball: https://registry.npmmirror.com/@types/node/-/node-18.11.18.tgz}
    name: '@types/node'
    version: 18.11.18
    dev: false

  registry.npmmirror.com/@types/prop-types/15.7.5:
    resolution: {integrity: sha512-JCB8C6SnDoQf0cNycqd/35A7MjcnK+ZTqE7judS6o7utxUCg6imJg3QK2qzHKszlTjcj2cn+NwMB2i96ubpj7w==, registry: https://registry.npm.taobao.org/, tarball: https://registry.npmmirror.com/@types/prop-types/-/prop-types-15.7.5.tgz}
    name: '@types/prop-types'
    version: 15.7.5
    dev: false

  registry.npmmirror.com/@types/react-dom/18.0.10:
    resolution: {integrity: sha512-E42GW/JA4Qv15wQdqJq8DL4JhNpB3prJgjgapN3qJT9K2zO5IIAQh4VXvCEDupoqAwnz0cY4RlXeC/ajX5SFHg==, registry: https://registry.npm.taobao.org/, tarball: https://registry.npmmirror.com/@types/react-dom/-/react-dom-18.0.10.tgz}
    name: '@types/react-dom'
    version: 18.0.10
    dependencies:
      '@types/react': registry.npmmirror.com/@types/react/18.0.26
    dev: false

  registry.npmmirror.com/@types/react/18.0.26:
    resolution: {integrity: sha512-hCR3PJQsAIXyxhTNSiDFY//LhnMZWpNNr5etoCqx/iUfGc5gXWtQR2Phl908jVR6uPXacojQWTg4qRpkxTuGug==, registry: https://registry.npm.taobao.org/, tarball: https://registry.npmmirror.com/@types/react/-/react-18.0.26.tgz}
    name: '@types/react'
    version: 18.0.26
    dependencies:
      '@types/prop-types': registry.npmmirror.com/@types/prop-types/15.7.5
      '@types/scheduler': registry.npmmirror.com/@types/scheduler/0.16.2
      csstype: registry.npmmirror.com/csstype/3.1.1
    dev: false

  registry.npmmirror.com/@types/responselike/1.0.0:
    resolution: {integrity: sha512-85Y2BjiufFzaMIlvJDvTTB8Fxl2xfLo4HgmHzVBz08w4wDePCTjYw66PdrolO0kzli3yam/YCgRufyo1DdQVTA==, registry: https://registry.npm.taobao.org/, tarball: https://registry.npmmirror.com/@types/responselike/-/responselike-1.0.0.tgz}
    name: '@types/responselike'
    version: 1.0.0
    dependencies:
      '@types/node': registry.npmmirror.com/@types/node/18.11.18
    dev: false

  registry.npmmirror.com/@types/scheduler/0.16.2:
    resolution: {integrity: sha512-hppQEBDmlwhFAXKJX2KnWLYu5yMfi91yazPb2l+lbJiwW+wdo1gNeRA+3RgNSO39WYX2euey41KEwnqesU2Jew==, registry: https://registry.npm.taobao.org/, tarball: https://registry.npmmirror.com/@types/scheduler/-/scheduler-0.16.2.tgz}
    name: '@types/scheduler'
    version: 0.16.2
    dev: false

  registry.npmmirror.com/aggregate-error/4.0.1:
    resolution: {integrity: sha512-0poP0T7el6Vq3rstR8Mn4V/IQrpBLO6POkUSrN7RhyY+GF/InCFShQzsQ39T25gkHhLgSLByyAz+Kjb+c2L98w==, registry: https://registry.npm.taobao.org/, tarball: https://registry.npmmirror.com/aggregate-error/-/aggregate-error-4.0.1.tgz}
    name: aggregate-error
    version: 4.0.1
    engines: {node: '>=12'}
    dependencies:
      clean-stack: registry.npmmirror.com/clean-stack/4.2.0
      indent-string: registry.npmmirror.com/indent-string/5.0.0
    dev: false

  registry.npmmirror.com/cacheable-lookup/5.0.4:
    resolution: {integrity: sha512-2/kNscPhpcxrOigMZzbiWF7dz8ilhb/nIHU3EyZiXWXpeq/au8qJ8VhdftMkty3n7Gj6HIGalQG8oiBNB3AJgA==, registry: https://registry.npm.taobao.org/, tarball: https://registry.npmmirror.com/cacheable-lookup/-/cacheable-lookup-5.0.4.tgz}
    name: cacheable-lookup
    version: 5.0.4
    engines: {node: '>=10.6.0'}
    dev: false

  registry.npmmirror.com/cacheable-request/7.0.2:
    resolution: {integrity: sha512-pouW8/FmiPQbuGpkXQ9BAPv/Mo5xDGANgSNXzTzJ8DrKGuXOssM4wIQRjfanNRh3Yu5cfYPvcorqbhg2KIJtew==, registry: https://registry.npm.taobao.org/, tarball: https://registry.npmmirror.com/cacheable-request/-/cacheable-request-7.0.2.tgz}
    name: cacheable-request
    version: 7.0.2
    engines: {node: '>=8'}
    dependencies:
      clone-response: registry.npmmirror.com/clone-response/1.0.3
      get-stream: registry.npmmirror.com/get-stream/5.2.0
      http-cache-semantics: registry.npmmirror.com/http-cache-semantics/4.1.0
      keyv: registry.npmmirror.com/keyv/4.5.2
      lowercase-keys: registry.npmmirror.com/lowercase-keys/2.0.0
      normalize-url: registry.npmmirror.com/normalize-url/6.1.0
      responselike: registry.npmmirror.com/responselike/2.0.1
    dev: false

  registry.npmmirror.com/caniuse-lite/1.0.30001441:
    resolution: {integrity: sha512-OyxRR4Vof59I3yGWXws6i908EtGbMzVUi3ganaZQHmydk1iwDhRnvaPG2WaR0KcqrDFKrxVZHULT396LEPhXfg==, registry: https://registry.npm.taobao.org/, tarball: https://registry.npmmirror.com/caniuse-lite/-/caniuse-lite-1.0.30001441.tgz}
    name: caniuse-lite
    version: 1.0.30001441
    dev: false

  registry.npmmirror.com/clean-stack/4.2.0:
    resolution: {integrity: sha512-LYv6XPxoyODi36Dp976riBtSY27VmFo+MKqEU9QCCWyTrdEPDog+RWA7xQWHi6Vbp61j5c4cdzzX1NidnwtUWg==, registry: https://registry.npm.taobao.org/, tarball: https://registry.npmmirror.com/clean-stack/-/clean-stack-4.2.0.tgz}
    name: clean-stack
    version: 4.2.0
    engines: {node: '>=12'}
    dependencies:
      escape-string-regexp: registry.npmmirror.com/escape-string-regexp/5.0.0
    dev: false

  registry.npmmirror.com/client-only/0.0.1:
    resolution: {integrity: sha512-IV3Ou0jSMzZrd3pZ48nLkT9DA7Ag1pnPzaiQhpW7c3RbcqqzvzzVu+L8gfqMp/8IM2MQtSiqaCxrrcfu8I8rMA==, registry: https://registry.npm.taobao.org/, tarball: https://registry.npmmirror.com/client-only/-/client-only-0.0.1.tgz}
    name: client-only
    version: 0.0.1
    dev: false

  registry.npmmirror.com/clone-response/1.0.3:
    resolution: {integrity: sha512-ROoL94jJH2dUVML2Y/5PEDNaSHgeOdSDicUyS7izcF63G6sTc/FTjLub4b8Il9S8S0beOfYt0TaA5qvFK+w0wA==, registry: https://registry.npm.taobao.org/, tarball: https://registry.npmmirror.com/clone-response/-/clone-response-1.0.3.tgz}
    name: clone-response
    version: 1.0.3
    dependencies:
      mimic-response: registry.npmmirror.com/mimic-response/1.0.1
    dev: false

  registry.npmmirror.com/csstype/3.1.1:
    resolution: {integrity: sha512-DJR/VvkAvSZW9bTouZue2sSxDwdTN92uHjqeKVm+0dAqdfNykRzQ95tay8aXMBAAPpUiq4Qcug2L7neoRh2Egw==, registry: https://registry.npm.taobao.org/, tarball: https://registry.npmmirror.com/csstype/-/csstype-3.1.1.tgz}
    name: csstype
    version: 3.1.1
    dev: false

  registry.npmmirror.com/decompress-response/6.0.0:
    resolution: {integrity: sha512-aW35yZM6Bb/4oJlZncMH2LCoZtJXTRxES17vE3hoRiowU2kWHaJKFkSBDnDR+cm9J+9QhXmREyIfv0pji9ejCQ==, registry: https://registry.npm.taobao.org/, tarball: https://registry.npmmirror.com/decompress-response/-/decompress-response-6.0.0.tgz}
    name: decompress-response
    version: 6.0.0
    engines: {node: '>=10'}
    dependencies:
      mimic-response: registry.npmmirror.com/mimic-response/3.1.0
    dev: false

  registry.npmmirror.com/defer-to-connect/2.0.1:
    resolution: {integrity: sha512-4tvttepXG1VaYGrRibk5EwJd1t4udunSOVMdLSAL6mId1ix438oPwPZMALY41FCijukO1L0twNcGsdzS7dHgDg==, registry: https://registry.npm.taobao.org/, tarball: https://registry.npmmirror.com/defer-to-connect/-/defer-to-connect-2.0.1.tgz}
    name: defer-to-connect
    version: 2.0.1
    engines: {node: '>=10'}
    dev: false

  registry.npmmirror.com/end-of-stream/1.4.4:
    resolution: {integrity: sha512-+uw1inIHVPQoaVuHzRyXd21icM+cnt4CzD5rW+NC1wjOUSTOs+Te7FOv7AhN7vS9x/oIyhLP5PR1H+phQAHu5Q==, registry: https://registry.npm.taobao.org/, tarball: https://registry.npmmirror.com/end-of-stream/-/end-of-stream-1.4.4.tgz}
    name: end-of-stream
    version: 1.4.4
    dependencies:
      once: registry.npmmirror.com/once/1.4.0
    dev: false

  registry.npmmirror.com/escape-string-regexp/5.0.0:
    resolution: {integrity: sha512-/veY75JbMK4j1yjvuUxuVsiS/hr/4iHs9FTT6cgTexxdE0Ly/glccBAkloH/DofkjRbZU3bnoj38mOmhkZ0lHw==, registry: https://registry.npm.taobao.org/, tarball: https://registry.npmmirror.com/escape-string-regexp/-/escape-string-regexp-5.0.0.tgz}
    name: escape-string-regexp
    version: 5.0.0
    engines: {node: '>=12'}
    dev: false

  registry.npmmirror.com/eventemitter3/4.0.7:
    resolution: {integrity: sha512-8guHBZCwKnFhYdHr2ysuRWErTwhoN2X8XELRlrRwpmfeY2jjuUN4taQMsULKUVo1K4DvZl+0pgfyoysHxvmvEw==, registry: https://registry.npm.taobao.org/, tarball: https://registry.npmmirror.com/eventemitter3/-/eventemitter3-4.0.7.tgz}
    name: eventemitter3
    version: 4.0.7
    dev: false

  registry.npmmirror.com/get-stream/5.2.0:
    resolution: {integrity: sha512-nBF+F1rAZVCu/p7rjzgA+Yb4lfYXrpl7a6VmJrU8wF9I1CKvP/QwPNZHnOlwbTkY6dvtFIzFMSyQXbLoTQPRpA==, registry: https://registry.npm.taobao.org/, tarball: https://registry.npmmirror.com/get-stream/-/get-stream-5.2.0.tgz}
    name: get-stream
    version: 5.2.0
    engines: {node: '>=8'}
    dependencies:
      pump: registry.npmmirror.com/pump/3.0.0
    dev: false

  registry.npmmirror.com/got/11.8.6:
    resolution: {integrity: sha512-6tfZ91bOr7bOXnK7PRDCGBLa1H4U080YHNaAQ2KsMGlLEzRbk44nsZF2E1IeRc3vtJHPVbKCYgdFbaGO2ljd8g==, registry: https://registry.npm.taobao.org/, tarball: https://registry.npmmirror.com/got/-/got-11.8.6.tgz}
    name: got
    version: 11.8.6
    engines: {node: '>=10.19.0'}
    dependencies:
      '@sindresorhus/is': registry.npmmirror.com/@sindresorhus/is/4.6.0
      '@szmarczak/http-timer': registry.npmmirror.com/@szmarczak/http-timer/4.0.6
      '@types/cacheable-request': registry.npmmirror.com/@types/cacheable-request/6.0.3
      '@types/responselike': registry.npmmirror.com/@types/responselike/1.0.0
      cacheable-lookup: registry.npmmirror.com/cacheable-lookup/5.0.4
      cacheable-request: registry.npmmirror.com/cacheable-request/7.0.2
      decompress-response: registry.npmmirror.com/decompress-response/6.0.0
      http2-wrapper: registry.npmmirror.com/http2-wrapper/1.0.3
      lowercase-keys: registry.npmmirror.com/lowercase-keys/2.0.0
      p-cancelable: registry.npmmirror.com/p-cancelable/2.1.1
      responselike: registry.npmmirror.com/responselike/2.0.1
    dev: false

  registry.npmmirror.com/http-cache-semantics/4.1.0:
    resolution: {integrity: sha512-carPklcUh7ROWRK7Cv27RPtdhYhUsela/ue5/jKzjegVvXDqM2ILE9Q2BGn9JZJh1g87cp56su/FgQSzcWS8cQ==, registry: https://registry.npm.taobao.org/, tarball: https://registry.npmmirror.com/http-cache-semantics/-/http-cache-semantics-4.1.0.tgz}
    name: http-cache-semantics
    version: 4.1.0
    dev: false

  registry.npmmirror.com/http2-wrapper/1.0.3:
    resolution: {integrity: sha512-V+23sDMr12Wnz7iTcDeJr3O6AIxlnvT/bmaAAAP/Xda35C90p9599p0F1eHR/N1KILWSoWVAiOMFjBBXaXSMxg==, registry: https://registry.npm.taobao.org/, tarball: https://registry.npmmirror.com/http2-wrapper/-/http2-wrapper-1.0.3.tgz}
    name: http2-wrapper
    version: 1.0.3
    engines: {node: '>=10.19.0'}
    dependencies:
      quick-lru: registry.npmmirror.com/quick-lru/5.1.1
      resolve-alpn: registry.npmmirror.com/resolve-alpn/1.2.1
    dev: false

  registry.npmmirror.com/indent-string/5.0.0:
    resolution: {integrity: sha512-m6FAo/spmsW2Ab2fU35JTYwtOKa2yAwXSwgjSv1TJzh4Mh7mC3lzAOVLBprb72XsTrgkEIsl7YrFNAiDiRhIGg==, registry: https://registry.npm.taobao.org/, tarball: https://registry.npmmirror.com/indent-string/-/indent-string-5.0.0.tgz}
    name: indent-string
    version: 5.0.0
    engines: {node: '>=12'}
    dev: false

  registry.npmmirror.com/is-url-superb/6.1.0:
    resolution: {integrity: sha512-LXdhGlYqUPdvEyIhWPEEwYYK3yrUiPcBjmFGlZNv1u5GtIL5qQRf7ddDyPNAvsMFqdzS923FROpTQU97tLe3JQ==, registry: https://registry.npm.taobao.org/, tarball: https://registry.npmmirror.com/is-url-superb/-/is-url-superb-6.1.0.tgz}
    name: is-url-superb
    version: 6.1.0
    engines: {node: '>=12'}
    dev: false

  registry.npmmirror.com/js-tokens/4.0.0:
    resolution: {integrity: sha512-RdJUflcE3cUzKiMqQgsCu06FPu9UdIJO0beYbPhHN4k6apgJtifcoCtT9bcxOpYBtpD2kCM6Sbzg4CausW/PKQ==, registry: https://registry.npm.taobao.org/, tarball: https://registry.npmmirror.com/js-tokens/-/js-tokens-4.0.0.tgz}
    name: js-tokens
    version: 4.0.0
    dev: false

  registry.npmmirror.com/json-buffer/3.0.1:
    resolution: {integrity: sha512-4bV5BfR2mqfQTJm+V5tPPdf+ZpuhiIvTuAB5g8kcrXOZpTT/QwwVRWBywX1ozr6lEuPdbHxwaJlm9G6mI2sfSQ==, registry: https://registry.npm.taobao.org/, tarball: https://registry.npmmirror.com/json-buffer/-/json-buffer-3.0.1.tgz}
    name: json-buffer
    version: 3.0.1
    dev: false

  registry.npmmirror.com/keyv/4.5.2:
    resolution: {integrity: sha512-5MHbFaKn8cNSmVW7BYnijeAVlE4cYA/SVkifVgrh7yotnfhKmjuXpDKjrABLnT0SfHWV21P8ow07OGfRrNDg8g==, registry: https://registry.npm.taobao.org/, tarball: https://registry.npmmirror.com/keyv/-/keyv-4.5.2.tgz}
    name: keyv
    version: 4.5.2
    dependencies:
      json-buffer: registry.npmmirror.com/json-buffer/3.0.1
    dev: false

  registry.npmmirror.com/loose-envify/1.4.0:
    resolution: {integrity: sha512-lyuxPGr/Wfhrlem2CL/UcnUc1zcqKAImBDzukY7Y5F/yQiNdko6+fRLevlw1HgMySw7f611UIY408EtxRSoK3Q==, registry: https://registry.npm.taobao.org/, tarball: https://registry.npmmirror.com/loose-envify/-/loose-envify-1.4.0.tgz}
    name: loose-envify
    version: 1.4.0
    hasBin: true
    dependencies:
      js-tokens: registry.npmmirror.com/js-tokens/4.0.0
    dev: false

  registry.npmmirror.com/lowercase-keys/2.0.0:
    resolution: {integrity: sha512-tqNXrS78oMOE73NMxK4EMLQsQowWf8jKooH9g7xPavRT706R6bkQJ6DY2Te7QukaZsulxa30wQ7bk0pm4XiHmA==, registry: https://registry.npm.taobao.org/, tarball: https://registry.npmmirror.com/lowercase-keys/-/lowercase-keys-2.0.0.tgz}
    name: lowercase-keys
    version: 2.0.0
    engines: {node: '>=8'}
    dev: false

  registry.npmmirror.com/map-age-cleaner/0.1.3:
    resolution: {integrity: sha512-bJzx6nMoP6PDLPBFmg7+xRKeFZvFboMrGlxmNj9ClvX53KrmvM5bXFXEWjbz4cz1AFn+jWJ9z/DJSz7hrs0w3w==, registry: https://registry.npm.taobao.org/, tarball: https://registry.npmmirror.com/map-age-cleaner/-/map-age-cleaner-0.1.3.tgz}
    name: map-age-cleaner
    version: 0.1.3
    engines: {node: '>=6'}
    dependencies:
      p-defer: registry.npmmirror.com/p-defer/1.0.0
    dev: false

  registry.npmmirror.com/mem/9.0.2:
    resolution: {integrity: sha512-F2t4YIv9XQUBHt6AOJ0y7lSmP1+cY7Fm1DRh9GClTGzKST7UWLMx6ly9WZdLH/G/ppM5RL4MlQfRT71ri9t19A==, registry: https://registry.npm.taobao.org/, tarball: https://registry.npmmirror.com/mem/-/mem-9.0.2.tgz}
    name: mem
    version: 9.0.2
    engines: {node: '>=12.20'}
    dependencies:
      map-age-cleaner: registry.npmmirror.com/map-age-cleaner/0.1.3
      mimic-fn: registry.npmmirror.com/mimic-fn/4.0.0
    dev: false

  registry.npmmirror.com/mimic-fn/4.0.0:
    resolution: {integrity: sha512-vqiC06CuhBTUdZH+RYl8sFrL096vA45Ok5ISO6sE/Mr1jRbGH4Csnhi8f3wKVl7x8mO4Au7Ir9D3Oyv1VYMFJw==, registry: https://registry.npm.taobao.org/, tarball: https://registry.npmmirror.com/mimic-fn/-/mimic-fn-4.0.0.tgz}
    name: mimic-fn
    version: 4.0.0
    engines: {node: '>=12'}
    dev: false

  registry.npmmirror.com/mimic-response/1.0.1:
    resolution: {integrity: sha512-j5EctnkH7amfV/q5Hgmoal1g2QHFJRraOtmx0JpIqkxhBhI/lJSl1nMpQ45hVarwNETOoWEimndZ4QK0RHxuxQ==, registry: https://registry.npm.taobao.org/, tarball: https://registry.npmmirror.com/mimic-response/-/mimic-response-1.0.1.tgz}
    name: mimic-response
    version: 1.0.1
    engines: {node: '>=4'}
    dev: false

  registry.npmmirror.com/mimic-response/3.1.0:
    resolution: {integrity: sha512-z0yWI+4FDrrweS8Zmt4Ej5HdJmky15+L2e6Wgn3+iK5fWzb6T3fhNFq2+MeTRb064c6Wr4N/wv0DzQTjNzHNGQ==, registry: https://registry.npm.taobao.org/, tarball: https://registry.npmmirror.com/mimic-response/-/mimic-response-3.1.0.tgz}
    name: mimic-response
    version: 3.1.0
    engines: {node: '>=10'}
    dev: false

  registry.npmmirror.com/nanoid/3.3.4:
    resolution: {integrity: sha512-MqBkQh/OHTS2egovRtLk45wEyNXwF+cokD+1YPf9u5VfJiRdAiRwB2froX5Co9Rh20xs4siNPm8naNotSD6RBw==, registry: https://registry.npm.taobao.org/, tarball: https://registry.npmmirror.com/nanoid/-/nanoid-3.3.4.tgz}
    name: nanoid
    version: 3.3.4
    engines: {node: ^10 || ^12 || ^13.7 || ^14 || >=15.0.1}
    hasBin: true
    dev: false

  registry.npmmirror.com/next/13.1.1_biqbaboplfbrettd7655fr4n2y:
    resolution: {integrity: sha512-R5eBAaIa3X7LJeYvv1bMdGnAVF4fVToEjim7MkflceFPuANY3YyvFxXee/A+acrSYwYPvOvf7f6v/BM/48ea5w==, registry: https://registry.npm.taobao.org/, tarball: https://registry.npmmirror.com/next/-/next-13.1.1.tgz}
    id: registry.npmmirror.com/next/13.1.1
    name: next
    version: 13.1.1
    engines: {node: '>=14.6.0'}
    hasBin: true
    peerDependencies:
      fibers: '>= 3.1.0'
      node-sass: ^6.0.0 || ^7.0.0
      react: ^18.2.0
      react-dom: ^18.2.0
      sass: ^1.3.0
    peerDependenciesMeta:
      fibers:
        optional: true
      node-sass:
        optional: true
      sass:
        optional: true
    dependencies:
      '@next/env': registry.npmmirror.com/@next/env/13.1.1
      '@swc/helpers': registry.npmmirror.com/@swc/helpers/0.4.14
      caniuse-lite: registry.npmmirror.com/caniuse-lite/1.0.30001441
      postcss: registry.npmmirror.com/postcss/8.4.14
      react: registry.npmmirror.com/react/18.2.0
      react-dom: registry.npmmirror.com/react-dom/18.2.0_react@18.2.0
      styled-jsx: registry.npmmirror.com/styled-jsx/5.1.1_react@18.2.0
    optionalDependencies:
      '@next/swc-android-arm-eabi': registry.npmmirror.com/@next/swc-android-arm-eabi/13.1.1
      '@next/swc-android-arm64': registry.npmmirror.com/@next/swc-android-arm64/13.1.1
      '@next/swc-darwin-arm64': registry.npmmirror.com/@next/swc-darwin-arm64/13.1.1
      '@next/swc-darwin-x64': registry.npmmirror.com/@next/swc-darwin-x64/13.1.1
      '@next/swc-freebsd-x64': registry.npmmirror.com/@next/swc-freebsd-x64/13.1.1
      '@next/swc-linux-arm-gnueabihf': registry.npmmirror.com/@next/swc-linux-arm-gnueabihf/13.1.1
      '@next/swc-linux-arm64-gnu': registry.npmmirror.com/@next/swc-linux-arm64-gnu/13.1.1
      '@next/swc-linux-arm64-musl': registry.npmmirror.com/@next/swc-linux-arm64-musl/13.1.1
      '@next/swc-linux-x64-gnu': registry.npmmirror.com/@next/swc-linux-x64-gnu/13.1.1
      '@next/swc-linux-x64-musl': registry.npmmirror.com/@next/swc-linux-x64-musl/13.1.1
      '@next/swc-win32-arm64-msvc': registry.npmmirror.com/@next/swc-win32-arm64-msvc/13.1.1
      '@next/swc-win32-ia32-msvc': registry.npmmirror.com/@next/swc-win32-ia32-msvc/13.1.1
      '@next/swc-win32-x64-msvc': registry.npmmirror.com/@next/swc-win32-x64-msvc/13.1.1
    transitivePeerDependencies:
      - '@babel/core'
      - babel-plugin-macros
    dev: false

  registry.npmmirror.com/normalize-url/6.1.0:
    resolution: {integrity: sha512-DlL+XwOy3NxAQ8xuC0okPgK46iuVNAK01YN7RueYBqqFeGsBjV9XmCAzAdgt+667bCl5kPh9EqKKDwnaPG1I7A==, registry: https://registry.npm.taobao.org/, tarball: https://registry.npmmirror.com/normalize-url/-/normalize-url-6.1.0.tgz}
    name: normalize-url
    version: 6.1.0
    engines: {node: '>=10'}
    dev: false

  registry.npmmirror.com/normalize-url/7.2.0:
    resolution: {integrity: sha512-uhXOdZry0L6M2UIo9BTt7FdpBDiAGN/7oItedQwPKh8jh31ZlvC8U9Xl/EJ3aijDHaywXTW3QbZ6LuCocur1YA==, registry: https://registry.npm.taobao.org/, tarball: https://registry.npmmirror.com/normalize-url/-/normalize-url-7.2.0.tgz}
    name: normalize-url
    version: 7.2.0
    engines: {node: '>=12.20'}
    dev: false

  registry.npmmirror.com/notion-client/6.15.6:
    resolution: {integrity: sha512-/ze9bHNhi09IvSo+loAelGVf2VsrnPaXoGtea/VUQq0adTvgcQhC1u37BwaK5G8bS/crVC277+KWlgdJOBIxeQ==, registry: https://registry.npm.taobao.org/, tarball: https://registry.npmmirror.com/notion-client/-/notion-client-6.15.6.tgz}
    name: notion-client
    version: 6.15.6
    engines: {node: '>=12'}
    dependencies:
      got: registry.npmmirror.com/got/11.8.6
      notion-types: registry.npmmirror.com/notion-types/6.15.6
      notion-utils: registry.npmmirror.com/notion-utils/6.15.6
      p-map: registry.npmmirror.com/p-map/5.5.0
    dev: false

  registry.npmmirror.com/notion-types/6.15.6:
    resolution: {integrity: sha512-JgLWDN4oHg/1sNdHDCeKUfdPl1AYsjOTnYkq+Zn7vITPykxbhw7nIxbAJ7owWUTro1cYTPh+GVmdX0mPiZGujg==, registry: https://registry.npm.taobao.org/, tarball: https://registry.npmmirror.com/notion-types/-/notion-types-6.15.6.tgz}
    name: notion-types
    version: 6.15.6
    engines: {node: '>=12'}
    dev: false

  registry.npmmirror.com/notion-utils/6.15.6:
    resolution: {integrity: sha512-Ys7lQ5KWmrk9ZmpFquomQcVRdQqmZMRAl0aFhoqirVgeyKtq/i5IZoHCw8jCY8732WlaEAUnBid56nN33N2fRQ==, registry: https://registry.npm.taobao.org/, tarball: https://registry.npmmirror.com/notion-utils/-/notion-utils-6.15.6.tgz}
    name: notion-utils
    version: 6.15.6
    engines: {node: '>=12'}
    dependencies:
      is-url-superb: registry.npmmirror.com/is-url-superb/6.1.0
      mem: registry.npmmirror.com/mem/9.0.2
      normalize-url: registry.npmmirror.com/normalize-url/7.2.0
      notion-types: registry.npmmirror.com/notion-types/6.15.6
      p-queue: registry.npmmirror.com/p-queue/7.3.0
    dev: false

  registry.npmmirror.com/once/1.4.0:
    resolution: {integrity: sha512-lNaJgI+2Q5URQBkccEKHTQOPaXdUxnZZElQTZY0MFUAuaEqe1E+Nyvgdz/aIyNi6Z9MzO5dv1H8n58/GELp3+w==, registry: https://registry.npm.taobao.org/, tarball: https://registry.npmmirror.com/once/-/once-1.4.0.tgz}
    name: once
    version: 1.4.0
    dependencies:
      wrappy: registry.npmmirror.com/wrappy/1.0.2
    dev: false

  registry.npmmirror.com/p-cancelable/2.1.1:
    resolution: {integrity: sha512-BZOr3nRQHOntUjTrH8+Lh54smKHoHyur8We1V8DSMVrl5A2malOOwuJRnKRDjSnkoeBh4at6BwEnb5I7Jl31wg==, registry: https://registry.npm.taobao.org/, tarball: https://registry.npmmirror.com/p-cancelable/-/p-cancelable-2.1.1.tgz}
    name: p-cancelable
    version: 2.1.1
    engines: {node: '>=8'}
    dev: false

  registry.npmmirror.com/p-defer/1.0.0:
    resolution: {integrity: sha512-wB3wfAxZpk2AzOfUMJNL+d36xothRSyj8EXOa4f6GMqYDN9BJaaSISbsk+wS9abmnebVw95C2Kb5t85UmpCxuw==, registry: https://registry.npm.taobao.org/, tarball: https://registry.npmmirror.com/p-defer/-/p-defer-1.0.0.tgz}
    name: p-defer
    version: 1.0.0
    engines: {node: '>=4'}
    dev: false

  registry.npmmirror.com/p-map/5.5.0:
    resolution: {integrity: sha512-VFqfGDHlx87K66yZrNdI4YGtD70IRyd+zSvgks6mzHPRNkoKy+9EKP4SFC77/vTTQYmRmti7dvqC+m5jBrBAcg==, registry: https://registry.npm.taobao.org/, tarball: https://registry.npmmirror.com/p-map/-/p-map-5.5.0.tgz}
    name: p-map
    version: 5.5.0
    engines: {node: '>=12'}
    dependencies:
      aggregate-error: registry.npmmirror.com/aggregate-error/4.0.1
    dev: false

  registry.npmmirror.com/p-queue/7.3.0:
    resolution: {integrity: sha512-5fP+yVQ0qp0rEfZoDTlP2c3RYBgxvRsw30qO+VtPPc95lyvSG+x6USSh1TuLB4n96IO6I8/oXQGsTgtna4q2nQ==, registry: https://registry.npm.taobao.org/, tarball: https://registry.npmmirror.com/p-queue/-/p-queue-7.3.0.tgz}
    name: p-queue
    version: 7.3.0
    engines: {node: '>=12'}
    dependencies:
      eventemitter3: registry.npmmirror.com/eventemitter3/4.0.7
      p-timeout: registry.npmmirror.com/p-timeout/5.1.0
    dev: false

  registry.npmmirror.com/p-timeout/5.1.0:
    resolution: {integrity: sha512-auFDyzzzGZZZdHz3BtET9VEz0SE/uMEAx7uWfGPucfzEwwe/xH0iVeZibQmANYE/hp9T2+UUZT5m+BKyrDp3Ew==, registry: https://registry.npm.taobao.org/, tarball: https://registry.npmmirror.com/p-timeout/-/p-timeout-5.1.0.tgz}
    name: p-timeout
    version: 5.1.0
    engines: {node: '>=12'}
    dev: false

  registry.npmmirror.com/picocolors/1.0.0:
    resolution: {integrity: sha512-1fygroTLlHu66zi26VoTDv8yRgm0Fccecssto+MhsZ0D/DGW2sm8E8AjW7NU5VVTRt5GxbeZ5qBuJr+HyLYkjQ==, registry: https://registry.npm.taobao.org/, tarball: https://registry.npmmirror.com/picocolors/-/picocolors-1.0.0.tgz}
    name: picocolors
    version: 1.0.0
    dev: false

  registry.npmmirror.com/postcss/8.4.14:
    resolution: {integrity: sha512-E398TUmfAYFPBSdzgeieK2Y1+1cpdxJx8yXbK/m57nRhKSmk1GB2tO4lbLBtlkfPQTDKfe4Xqv1ASWPpayPEig==, registry: https://registry.npm.taobao.org/, tarball: https://registry.npmmirror.com/postcss/-/postcss-8.4.14.tgz}
    name: postcss
    version: 8.4.14
    engines: {node: ^10 || ^12 || >=14}
    dependencies:
      nanoid: registry.npmmirror.com/nanoid/3.3.4
      picocolors: registry.npmmirror.com/picocolors/1.0.0
      source-map-js: registry.npmmirror.com/source-map-js/1.0.2
    dev: false

  registry.npmmirror.com/pump/3.0.0:
    resolution: {integrity: sha512-LwZy+p3SFs1Pytd/jYct4wpv49HiYCqd9Rlc5ZVdk0V+8Yzv6jR5Blk3TRmPL1ft69TxP0IMZGJ+WPFU2BFhww==, registry: https://registry.npm.taobao.org/, tarball: https://registry.npmmirror.com/pump/-/pump-3.0.0.tgz}
    name: pump
    version: 3.0.0
    dependencies:
      end-of-stream: registry.npmmirror.com/end-of-stream/1.4.4
      once: registry.npmmirror.com/once/1.4.0
    dev: false

  registry.npmmirror.com/quick-lru/5.1.1:
    resolution: {integrity: sha512-WuyALRjWPDGtt/wzJiadO5AXY+8hZ80hVpe6MyivgraREW751X3SbhRvG3eLKOYN+8VEvqLcf3wdnt44Z4S4SA==, registry: https://registry.npm.taobao.org/, tarball: https://registry.npmmirror.com/quick-lru/-/quick-lru-5.1.1.tgz}
    name: quick-lru
    version: 5.1.1
    engines: {node: '>=10'}
    dev: false

  registry.npmmirror.com/react-dom/18.2.0_react@18.2.0:
    resolution: {integrity: sha512-6IMTriUmvsjHUjNtEDudZfuDQUoWXVxKHhlEGSk81n4YFS+r/Kl99wXiwlVXtPBtJenozv2P+hxDsw9eA7Xo6g==, registry: https://registry.npm.taobao.org/, tarball: https://registry.npmmirror.com/react-dom/-/react-dom-18.2.0.tgz}
    id: registry.npmmirror.com/react-dom/18.2.0
    name: react-dom
    version: 18.2.0
    peerDependencies:
      react: ^18.2.0
    dependencies:
      loose-envify: registry.npmmirror.com/loose-envify/1.4.0
      react: registry.npmmirror.com/react/18.2.0
      scheduler: registry.npmmirror.com/scheduler/0.23.0
    dev: false

  registry.npmmirror.com/react/18.2.0:
    resolution: {integrity: sha512-/3IjMdb2L9QbBdWiW5e3P2/npwMBaU9mHCSCUzNln0ZCYbcfTsGbTJrU/kGemdH2IWmB2ioZ+zkxtmq6g09fGQ==, registry: https://registry.npm.taobao.org/, tarball: https://registry.npmmirror.com/react/-/react-18.2.0.tgz}
    name: react
    version: 18.2.0
    engines: {node: '>=0.10.0'}
    dependencies:
      loose-envify: registry.npmmirror.com/loose-envify/1.4.0
    dev: false

  registry.npmmirror.com/resolve-alpn/1.2.1:
    resolution: {integrity: sha512-0a1F4l73/ZFZOakJnQ3FvkJ2+gSTQWz/r2KE5OdDY0TxPm5h4GkqkWWfM47T7HsbnOtcJVEF4epCVy6u7Q3K+g==, registry: https://registry.npm.taobao.org/, tarball: https://registry.npmmirror.com/resolve-alpn/-/resolve-alpn-1.2.1.tgz}
    name: resolve-alpn
    version: 1.2.1
    dev: false

  registry.npmmirror.com/responselike/2.0.1:
    resolution: {integrity: sha512-4gl03wn3hj1HP3yzgdI7d3lCkF95F21Pz4BPGvKHinyQzALR5CapwC8yIi0Rh58DEMQ/SguC03wFj2k0M/mHhw==, registry: https://registry.npm.taobao.org/, tarball: https://registry.npmmirror.com/responselike/-/responselike-2.0.1.tgz}
    name: responselike
    version: 2.0.1
    dependencies:
      lowercase-keys: registry.npmmirror.com/lowercase-keys/2.0.0
    dev: false

  registry.npmmirror.com/scheduler/0.23.0:
    resolution: {integrity: sha512-CtuThmgHNg7zIZWAXi3AsyIzA3n4xx7aNyjwC2VJldO2LMVDhFK+63xGqq6CsJH4rTAt6/M+N4GhZiDYPx9eUw==, registry: https://registry.npm.taobao.org/, tarball: https://registry.npmmirror.com/scheduler/-/scheduler-0.23.0.tgz}
    name: scheduler
    version: 0.23.0
    dependencies:
      loose-envify: registry.npmmirror.com/loose-envify/1.4.0
    dev: false

  registry.npmmirror.com/source-map-js/1.0.2:
    resolution: {integrity: sha512-R0XvVJ9WusLiqTCEiGCmICCMplcCkIwwR11mOSD9CR5u+IXYdiseeEuXCVAjS54zqwkLcPNnmU4OeJ6tUrWhDw==, registry: https://registry.npm.taobao.org/, tarball: https://registry.npmmirror.com/source-map-js/-/source-map-js-1.0.2.tgz}
    name: source-map-js
    version: 1.0.2
    engines: {node: '>=0.10.0'}
    dev: false

  registry.npmmirror.com/styled-jsx/5.1.1_react@18.2.0:
    resolution: {integrity: sha512-pW7uC1l4mBZ8ugbiZrcIsiIvVx1UmTfw7UkC3Um2tmfUq9Bhk8IiyEIPl6F8agHgjzku6j0xQEZbfA5uSgSaCw==, registry: https://registry.npm.taobao.org/, tarball: https://registry.npmmirror.com/styled-jsx/-/styled-jsx-5.1.1.tgz}
    id: registry.npmmirror.com/styled-jsx/5.1.1
    name: styled-jsx
    version: 5.1.1
    engines: {node: '>= 12.0.0'}
    peerDependencies:
      '@babel/core': '*'
      babel-plugin-macros: '*'
      react: '>= 16.8.0 || 17.x.x || ^18.0.0-0'
    peerDependenciesMeta:
      '@babel/core':
        optional: true
      babel-plugin-macros:
        optional: true
    dependencies:
      client-only: registry.npmmirror.com/client-only/0.0.1
      react: registry.npmmirror.com/react/18.2.0
    dev: false

  registry.npmmirror.com/tslib/2.4.1:
    resolution: {integrity: sha512-tGyy4dAjRIEwI7BzsB0lynWgOpfqjUdq91XXAlIWD2OwKBH7oCl/GZG/HT4BOHrTlPMOASlMQ7veyTqpmRcrNA==, registry: https://registry.npm.taobao.org/, tarball: https://registry.npmmirror.com/tslib/-/tslib-2.4.1.tgz}
    name: tslib
    version: 2.4.1
    dev: false

  registry.npmmirror.com/typescript/4.9.4:
    resolution: {integrity: sha512-Uz+dTXYzxXXbsFpM86Wh3dKCxrQqUcVMxwU54orwlJjOpO3ao8L7j5lH+dWfTwgCwIuM9GQ2kvVotzYJMXTBZg==, registry: https://registry.npm.taobao.org/, tarball: https://registry.npmmirror.com/typescript/-/typescript-4.9.4.tgz}
    name: typescript
    version: 4.9.4
    engines: {node: '>=4.2.0'}
    hasBin: true
    dev: false

  registry.npmmirror.com/wrappy/1.0.2:
    resolution: {integrity: sha512-l4Sp/DRseor9wL6EvV2+TuQn63dMkPjZ/sp9XkghTEbV9KlPS1xUsZ3u7/IQO4wxtcFB4bgpQPRcR3QCvezPcQ==, registry: https://registry.npm.taobao.org/, tarball: https://registry.npmmirror.com/wrappy/-/wrappy-1.0.2.tgz}
    name: wrappy
    version: 1.0.2
    dev: false
